{
  "name": "oc",
  "version": "1.0.0",
  "lockfileVersion": 1,
  "requires": true,
  "dependencies": {
    "@types/jquery": {
      "version": "3.3.33",
      "resolved": "https://registry.npmjs.org/@types/jquery/-/jquery-3.3.33.tgz",
      "integrity": "sha512-U6IdXYGkfUI42SR79vB2Spj+h1Ly3J3UZjpd8mi943lh126TK7CB+HZOxGh2nM3IySor7wqVQdemD/xtydsBKA==",
      "requires": {
        "@types/sizzle": "*"
      }
    },
    "@types/sizzle": {
      "version": "2.3.2",
      "resolved": "https://registry.npmjs.org/@types/sizzle/-/sizzle-2.3.2.tgz",
      "integrity": "sha512-7EJYyKTL7tFR8+gDbB6Wwz/arpGa0Mywk1TJbNzKzHtzbwVmY4HR9WqS5VV7dsBUKQmPNr192jHr/VpBluj/hg=="
    }
  }
}
