
Microsoft Visual Studio Solution File, Format Version 12.00
# Visual Studio Version 16
VisualStudioVersion = 16.0.32630.194
MinimumVisualStudioVersion = 10.0.40219.1
Project("{FAE04EC0-301F-11D3-BF4B-00C04F79EFBC}") = "win_panel", "win_panel\win_panel.csproj", "{C4C343E7-DC50-4602-A56C-0006E81E4676}"
EndProject
Project("{FAE04EC0-301F-11D3-BF4B-00C04F79EFBC}") = "wclient", "win_client\wclient.csproj", "{1BC63F9E-36E9-44D1-A180-8F0650D79CED}"
EndProject
Global
	GlobalSection(SolutionConfigurationPlatforms) = preSolution
		Debug|Any CPU = Debug|Any CPU
		Debug|x86 = Debug|x86
		Release|Any CPU = Release|Any CPU
		Release|x86 = Release|x86
	EndGlobalSection
	GlobalSection(ProjectConfigurationPlatforms) = postSolution
		{C4C343E7-DC50-4602-A56C-0006E81E4676}.Debug|Any CPU.ActiveCfg = Debug|Any CPU
		{C4C343E7-DC50-4602-A56C-0006E81E4676}.Debug|Any CPU.Build.0 = Debug|Any CPU
		{C4C343E7-DC50-4602-A56C-0006E81E4676}.Debug|x86.ActiveCfg = Debug|x86
		{C4C343E7-DC50-4602-A56C-0006E81E4676}.Debug|x86.Build.0 = Debug|x86
		{C4C343E7-DC50-4602-A56C-0006E81E4676}.Release|Any CPU.ActiveCfg = Release|Any CPU
		{C4C343E7-DC50-4602-A56C-0006E81E4676}.Release|Any CPU.Build.0 = Release|Any CPU
		{C4C343E7-DC50-4602-A56C-0006E81E4676}.Release|x86.ActiveCfg = Release|x86
		{C4C343E7-DC50-4602-A56C-0006E81E4676}.Release|x86.Build.0 = Release|x86
		{1BC63F9E-36E9-44D1-A180-8F0650D79CED}.Debug|Any CPU.ActiveCfg = Debug|Any CPU
		{1BC63F9E-36E9-44D1-A180-8F0650D79CED}.Debug|Any CPU.Build.0 = Debug|Any CPU
		{1BC63F9E-36E9-44D1-A180-8F0650D79CED}.Debug|x86.ActiveCfg = Debug|Any CPU
		{1BC63F9E-36E9-44D1-A180-8F0650D79CED}.Debug|x86.Build.0 = Debug|Any CPU
		{1BC63F9E-36E9-44D1-A180-8F0650D79CED}.Release|Any CPU.ActiveCfg = Release|Any CPU
		{1BC63F9E-36E9-44D1-A180-8F0650D79CED}.Release|Any CPU.Build.0 = Release|Any CPU
		{1BC63F9E-36E9-44D1-A180-8F0650D79CED}.Release|x86.ActiveCfg = Release|Any CPU
		{1BC63F9E-36E9-44D1-A180-8F0650D79CED}.Release|x86.Build.0 = Release|Any CPU
	EndGlobalSection
	GlobalSection(SolutionProperties) = preSolution
		HideSolutionNode = FALSE
	EndGlobalSection
	GlobalSection(ExtensibilityGlobals) = postSolution
		SolutionGuid = {9B75CAAE-4048-4894-8979-00328E757852}
	EndGlobalSection
EndGlobal
